
Microsoft Visual Studio Solution File, Format Version 12.00
# Visual Studio Version 17
VisualStudioVersion = 17.0.32112.339
MinimumVisualStudioVersion = 10.0.40219.1
Project("{FAE04EC0-301F-11D3-BF4B-00C04F79EFBC}") = "Interpretador.ConsoleApp", "Interpretador.ConsoleApp\Interpretador.ConsoleApp.csproj", "{462F8EEF-A1CE-4D52-9077-2D35FC637B8A}"
EndProject
Global
	GlobalSection(SolutionConfigurationPlatforms) = preSolution
		Debug|Any CPU = Debug|Any CPU
		Release|Any CPU = Release|Any CPU
	EndGlobalSection
	GlobalSection(ProjectConfigurationPlatforms) = postSolution
		{462F8EEF-A1CE-4D52-9077-2D35FC637B8A}.Debug|Any CPU.ActiveCfg = Debug|Any CPU
		{462F8EEF-A1CE-4D52-9077-2D35FC637B8A}.Debug|Any CPU.Build.0 = Debug|Any CPU
		{462F8EEF-A1CE-4D52-9077-2D35FC637B8A}.Release|Any CPU.ActiveCfg = Release|Any CPU
		{462F8EEF-A1CE-4D52-9077-2D35FC637B8A}.Release|Any CPU.Build.0 = Release|Any CPU
	EndGlobalSection
	GlobalSection(SolutionProperties) = preSolution
		HideSolutionNode = FALSE
	EndGlobalSection
	GlobalSection(ExtensibilityGlobals) = postSolution
		SolutionGuid = {1E208E38-B7F6-4128-B3A3-37287B92599A}
	EndGlobalSection
EndGlobal
